
Microsoft Visual Studio Solution File, Format Version 12.00
# Visual Studio 2012
Project("{F184B08F-C81C-45F6-A57F-5ABD9991F28F}") = "project2", "project2\project2.vbproj", "{25EB7A31-5084-4608-8194-D5869EE51F3C}"
EndProject
Global
	GlobalSection(SolutionConfigurationPlatforms) = preSolution
		Debug|Any CPU = Debug|Any CPU
		Release|Any CPU = Release|Any CPU
	EndGlobalSection
	GlobalSection(ProjectConfigurationPlatforms) = postSolution
		{25EB7A31-5084-4608-8194-D5869EE51F3C}.Debug|Any CPU.ActiveCfg = Debug|Any CPU
		{25EB7A31-5084-4608-8194-D5869EE51F3C}.Debug|Any CPU.Build.0 = Debug|Any CPU
		{25EB7A31-5084-4608-8194-D5869EE51F3C}.Release|Any CPU.ActiveCfg = Release|Any CPU
		{25EB7A31-5084-4608-8194-D5869EE51F3C}.Release|Any CPU.Build.0 = Release|Any CPU
	EndGlobalSection
	GlobalSection(SolutionProperties) = preSolution
		HideSolutionNode = FALSE
	EndGlobalSection
EndGlobal
